
Microsoft Visual Studio Solution File, Format Version 12.00
# Visual Studio 15
VisualStudioVersion = 15.0.26730.8
MinimumVisualStudioVersion = 10.0.40219.1
Project("{FAE04EC0-301F-11D3-BF4B-00C04F79EFBC}") = "Fastnet.Webframe.CoreData", "Fastnet.Webframe.CoreData\Fastnet.Webframe.CoreData.csproj", "{F780DA43-E8F6-4DAB-BC5F-E637414D1E17}"
EndProject
Project("{FAE04EC0-301F-11D3-BF4B-00C04F79EFBC}") = "Fastnet.Webframe.Web", "Fastnet.Webframe.Web\Fastnet.Webframe.Web.csproj", "{E6A0F426-635D-4CB5-92AD-592F82AFCF93}"
EndProject
Project("{FAE04EC0-301F-11D3-BF4B-00C04F79EFBC}") = "Fastnet.Webframe.BookingData", "Fastnet.Webframe.BookingData\Fastnet.Webframe.BookingData.csproj", "{354F79DD-7AA1-43D5-A482-DA1B1F9C96CC}"
EndProject
Project("{FAE04EC0-301F-11D3-BF4B-00C04F79EFBC}") = "Fastnet.Webframe.IdentityData", "Fastnet.Webframe.IdentityData\Fastnet.Webframe.IdentityData.csproj", "{080F0A59-2AF8-49AD-98BF-E506BEC85406}"
EndProject
Project("{FAE04EC0-301F-11D3-BF4B-00C04F79EFBC}") = "Fastnet.Webframe.LegacyData", "Fastnet.Webframe.LegacyData\Fastnet.Webframe.LegacyData.csproj", "{9C5CEBCF-D6F3-460B-8751-9651AB571FCF}"
EndProject
Project("{FAE04EC0-301F-11D3-BF4B-00C04F79EFBC}") = "Fastnet.Webframe.SagePay", "Fastnet.Webframe.SagePay\Fastnet.Webframe.SagePay.csproj", "{AF217943-5B82-4006-BBF9-82AADE117037}"
EndProject
Project("{FAE04EC0-301F-11D3-BF4B-00C04F79EFBC}") = "Fastnet.Common", "Fastnet.Common\Fastnet.Common.csproj", "{F76D83DB-D795-4E19-9036-13C15C44A028}"
EndProject
Project("{FAE04EC0-301F-11D3-BF4B-00C04F79EFBC}") = "Fastnet.EventSystem.Logging", "Fastnet.EventSystem.Logging\Fastnet.EventSystem.Logging.csproj", "{BF073507-7C87-49E1-860E-F915958C96B3}"
EndProject
Project("{FAE04EC0-301F-11D3-BF4B-00C04F79EFBC}") = "Fastnet.Web.Common", "Fastnet.Web.Common\Fastnet.Web.Common.csproj", "{0A21A0EB-794C-4997-8574-62AD484C64D2}"
EndProject
Project("{9A19103F-16F7-4668-BE54-9A1E7A4F7556}") = "Fastnet.Webframe.Web2", "Fastnet.Webframe.Web2\Fastnet.Webframe.Web2.csproj", "{DE80F289-654E-481E-AF38-13304538BA2C}"
EndProject
Project("{9A19103F-16F7-4668-BE54-9A1E7A4F7556}") = "Fastnet.Webframe.IdentityData2", "Fastnet.Webframe.IdentityData2\Fastnet.Webframe.IdentityData2.csproj", "{2751E02B-EF92-40DE-8706-F4D38B78E368}"
EndProject
Project("{9A19103F-16F7-4668-BE54-9A1E7A4F7556}") = "Fastnet.Webframe.CoreData2", "Fastnet.Webframe.CoreData2\Fastnet.Webframe.CoreData2.csproj", "{EF58157F-5543-4F5F-8AD2-F86A2083D488}"
EndProject
Project("{FAE04EC0-301F-11D3-BF4B-00C04F79EFBC}") = "Fastnet.Webframe.Common2", "Fastnet.Webframe.Common\Fastnet.Webframe.Common2.csproj", "{D943ED99-32A0-4F75-B736-A96D3DCABBB6}"
EndProject
Project("{FAE04EC0-301F-11D3-BF4B-00C04F79EFBC}") = "Fastnet.Webframe.BookingData2", "Fastnet.webframe.BookingData2\Fastnet.Webframe.BookingData2.csproj", "{00ECCB83-0A5F-4F1B-8475-83A255F81EF2}"
EndProject
Global
	GlobalSection(SolutionConfigurationPlatforms) = preSolution
		Debug|Any CPU = Debug|Any CPU
		Debug|x86 = Debug|x86
		Release|Any CPU = Release|Any CPU
		Release|x86 = Release|x86
		xdebug|Any CPU = xdebug|Any CPU
		xdebug|x86 = xdebug|x86
	EndGlobalSection
	GlobalSection(ProjectConfigurationPlatforms) = postSolution
		{F780DA43-E8F6-4DAB-BC5F-E637414D1E17}.Debug|Any CPU.ActiveCfg = Debug|Any CPU
		{F780DA43-E8F6-4DAB-BC5F-E637414D1E17}.Debug|Any CPU.Build.0 = Debug|Any CPU
		{F780DA43-E8F6-4DAB-BC5F-E637414D1E17}.Debug|x86.ActiveCfg = Debug|Any CPU
		{F780DA43-E8F6-4DAB-BC5F-E637414D1E17}.Debug|x86.Build.0 = Debug|Any CPU
		{F780DA43-E8F6-4DAB-BC5F-E637414D1E17}.Release|Any CPU.ActiveCfg = Release|Any CPU
		{F780DA43-E8F6-4DAB-BC5F-E637414D1E17}.Release|Any CPU.Build.0 = Release|Any CPU
		{F780DA43-E8F6-4DAB-BC5F-E637414D1E17}.Release|x86.ActiveCfg = Release|Any CPU
		{F780DA43-E8F6-4DAB-BC5F-E637414D1E17}.Release|x86.Build.0 = Release|Any CPU
		{F780DA43-E8F6-4DAB-BC5F-E637414D1E17}.xdebug|Any CPU.ActiveCfg = Release|Any CPU
		{F780DA43-E8F6-4DAB-BC5F-E637414D1E17}.xdebug|Any CPU.Build.0 = Release|Any CPU
		{F780DA43-E8F6-4DAB-BC5F-E637414D1E17}.xdebug|x86.ActiveCfg = Release|Any CPU
		{F780DA43-E8F6-4DAB-BC5F-E637414D1E17}.xdebug|x86.Build.0 = Release|Any CPU
		{E6A0F426-635D-4CB5-92AD-592F82AFCF93}.Debug|Any CPU.ActiveCfg = Debug|Any CPU
		{E6A0F426-635D-4CB5-92AD-592F82AFCF93}.Debug|Any CPU.Build.0 = Debug|Any CPU
		{E6A0F426-635D-4CB5-92AD-592F82AFCF93}.Debug|x86.ActiveCfg = Debug|Any CPU
		{E6A0F426-635D-4CB5-92AD-592F82AFCF93}.Debug|x86.Build.0 = Debug|Any CPU
		{E6A0F426-635D-4CB5-92AD-592F82AFCF93}.Release|Any CPU.ActiveCfg = Release|Any CPU
		{E6A0F426-635D-4CB5-92AD-592F82AFCF93}.Release|Any CPU.Build.0 = Release|Any CPU
		{E6A0F426-635D-4CB5-92AD-592F82AFCF93}.Release|x86.ActiveCfg = Release|Any CPU
		{E6A0F426-635D-4CB5-92AD-592F82AFCF93}.Release|x86.Build.0 = Release|Any CPU
		{E6A0F426-635D-4CB5-92AD-592F82AFCF93}.xdebug|Any CPU.ActiveCfg = Release|Any CPU
		{E6A0F426-635D-4CB5-92AD-592F82AFCF93}.xdebug|Any CPU.Build.0 = Release|Any CPU
		{E6A0F426-635D-4CB5-92AD-592F82AFCF93}.xdebug|x86.ActiveCfg = Release|Any CPU
		{E6A0F426-635D-4CB5-92AD-592F82AFCF93}.xdebug|x86.Build.0 = Release|Any CPU
		{354F79DD-7AA1-43D5-A482-DA1B1F9C96CC}.Debug|Any CPU.ActiveCfg = Debug|Any CPU
		{354F79DD-7AA1-43D5-A482-DA1B1F9C96CC}.Debug|Any CPU.Build.0 = Debug|Any CPU
		{354F79DD-7AA1-43D5-A482-DA1B1F9C96CC}.Debug|x86.ActiveCfg = Debug|Any CPU
		{354F79DD-7AA1-43D5-A482-DA1B1F9C96CC}.Debug|x86.Build.0 = Debug|Any CPU
		{354F79DD-7AA1-43D5-A482-DA1B1F9C96CC}.Release|Any CPU.ActiveCfg = Release|Any CPU
		{354F79DD-7AA1-43D5-A482-DA1B1F9C96CC}.Release|Any CPU.Build.0 = Release|Any CPU
		{354F79DD-7AA1-43D5-A482-DA1B1F9C96CC}.Release|x86.ActiveCfg = Release|Any CPU
		{354F79DD-7AA1-43D5-A482-DA1B1F9C96CC}.Release|x86.Build.0 = Release|Any CPU
		{354F79DD-7AA1-43D5-A482-DA1B1F9C96CC}.xdebug|Any CPU.ActiveCfg = Release|Any CPU
		{354F79DD-7AA1-43D5-A482-DA1B1F9C96CC}.xdebug|Any CPU.Build.0 = Release|Any CPU
		{354F79DD-7AA1-43D5-A482-DA1B1F9C96CC}.xdebug|x86.ActiveCfg = Release|Any CPU
		{354F79DD-7AA1-43D5-A482-DA1B1F9C96CC}.xdebug|x86.Build.0 = Release|Any CPU
		{080F0A59-2AF8-49AD-98BF-E506BEC85406}.Debug|Any CPU.ActiveCfg = Debug|Any CPU
		{080F0A59-2AF8-49AD-98BF-E506BEC85406}.Debug|Any CPU.Build.0 = Debug|Any CPU
		{080F0A59-2AF8-49AD-98BF-E506BEC85406}.Debug|x86.ActiveCfg = Debug|Any CPU
		{080F0A59-2AF8-49AD-98BF-E506BEC85406}.Debug|x86.Build.0 = Debug|Any CPU
		{080F0A59-2AF8-49AD-98BF-E506BEC85406}.Release|Any CPU.ActiveCfg = Release|Any CPU
		{080F0A59-2AF8-49AD-98BF-E506BEC85406}.Release|Any CPU.Build.0 = Release|Any CPU
		{080F0A59-2AF8-49AD-98BF-E506BEC85406}.Release|x86.ActiveCfg = Release|Any CPU
		{080F0A59-2AF8-49AD-98BF-E506BEC85406}.Release|x86.Build.0 = Release|Any CPU
		{080F0A59-2AF8-49AD-98BF-E506BEC85406}.xdebug|Any CPU.ActiveCfg = Release|Any CPU
		{080F0A59-2AF8-49AD-98BF-E506BEC85406}.xdebug|Any CPU.Build.0 = Release|Any CPU
		{080F0A59-2AF8-49AD-98BF-E506BEC85406}.xdebug|x86.ActiveCfg = Release|Any CPU
		{080F0A59-2AF8-49AD-98BF-E506BEC85406}.xdebug|x86.Build.0 = Release|Any CPU
		{9C5CEBCF-D6F3-460B-8751-9651AB571FCF}.Debug|Any CPU.ActiveCfg = Debug|Any CPU
		{9C5CEBCF-D6F3-460B-8751-9651AB571FCF}.Debug|Any CPU.Build.0 = Debug|Any CPU
		{9C5CEBCF-D6F3-460B-8751-9651AB571FCF}.Debug|x86.ActiveCfg = Debug|Any CPU
		{9C5CEBCF-D6F3-460B-8751-9651AB571FCF}.Debug|x86.Build.0 = Debug|Any CPU
		{9C5CEBCF-D6F3-460B-8751-9651AB571FCF}.Release|Any CPU.ActiveCfg = Release|Any CPU
		{9C5CEBCF-D6F3-460B-8751-9651AB571FCF}.Release|Any CPU.Build.0 = Release|Any CPU
		{9C5CEBCF-D6F3-460B-8751-9651AB571FCF}.Release|x86.ActiveCfg = Release|Any CPU
		{9C5CEBCF-D6F3-460B-8751-9651AB571FCF}.Release|x86.Build.0 = Release|Any CPU
		{9C5CEBCF-D6F3-460B-8751-9651AB571FCF}.xdebug|Any CPU.ActiveCfg = Release|Any CPU
		{9C5CEBCF-D6F3-460B-8751-9651AB571FCF}.xdebug|Any CPU.Build.0 = Release|Any CPU
		{9C5CEBCF-D6F3-460B-8751-9651AB571FCF}.xdebug|x86.ActiveCfg = Release|Any CPU
		{9C5CEBCF-D6F3-460B-8751-9651AB571FCF}.xdebug|x86.Build.0 = Release|Any CPU
		{AF217943-5B82-4006-BBF9-82AADE117037}.Debug|Any CPU.ActiveCfg = Debug|Any CPU
		{AF217943-5B82-4006-BBF9-82AADE117037}.Debug|Any CPU.Build.0 = Debug|Any CPU
		{AF217943-5B82-4006-BBF9-82AADE117037}.Debug|x86.ActiveCfg = Debug|Any CPU
		{AF217943-5B82-4006-BBF9-82AADE117037}.Debug|x86.Build.0 = Debug|Any CPU
		{AF217943-5B82-4006-BBF9-82AADE117037}.Release|Any CPU.ActiveCfg = Release|Any CPU
		{AF217943-5B82-4006-BBF9-82AADE117037}.Release|Any CPU.Build.0 = Release|Any CPU
		{AF217943-5B82-4006-BBF9-82AADE117037}.Release|x86.ActiveCfg = Release|Any CPU
		{AF217943-5B82-4006-BBF9-82AADE117037}.Release|x86.Build.0 = Release|Any CPU
		{AF217943-5B82-4006-BBF9-82AADE117037}.xdebug|Any CPU.ActiveCfg = Release|Any CPU
		{AF217943-5B82-4006-BBF9-82AADE117037}.xdebug|Any CPU.Build.0 = Release|Any CPU
		{AF217943-5B82-4006-BBF9-82AADE117037}.xdebug|x86.ActiveCfg = Release|Any CPU
		{AF217943-5B82-4006-BBF9-82AADE117037}.xdebug|x86.Build.0 = Release|Any CPU
		{F76D83DB-D795-4E19-9036-13C15C44A028}.Debug|Any CPU.ActiveCfg = Debug|Any CPU
		{F76D83DB-D795-4E19-9036-13C15C44A028}.Debug|Any CPU.Build.0 = Debug|Any CPU
		{F76D83DB-D795-4E19-9036-13C15C44A028}.Debug|x86.ActiveCfg = Debug|Any CPU
		{F76D83DB-D795-4E19-9036-13C15C44A028}.Debug|x86.Build.0 = Debug|Any CPU
		{F76D83DB-D795-4E19-9036-13C15C44A028}.Release|Any CPU.ActiveCfg = Release|Any CPU
		{F76D83DB-D795-4E19-9036-13C15C44A028}.Release|Any CPU.Build.0 = Release|Any CPU
		{F76D83DB-D795-4E19-9036-13C15C44A028}.Release|x86.ActiveCfg = Release|Any CPU
		{F76D83DB-D795-4E19-9036-13C15C44A028}.Release|x86.Build.0 = Release|Any CPU
		{F76D83DB-D795-4E19-9036-13C15C44A028}.xdebug|Any CPU.ActiveCfg = Release|Any CPU
		{F76D83DB-D795-4E19-9036-13C15C44A028}.xdebug|Any CPU.Build.0 = Release|Any CPU
		{F76D83DB-D795-4E19-9036-13C15C44A028}.xdebug|x86.ActiveCfg = Release|Any CPU
		{F76D83DB-D795-4E19-9036-13C15C44A028}.xdebug|x86.Build.0 = Release|Any CPU
		{BF073507-7C87-49E1-860E-F915958C96B3}.Debug|Any CPU.ActiveCfg = Debug|Any CPU
		{BF073507-7C87-49E1-860E-F915958C96B3}.Debug|Any CPU.Build.0 = Debug|Any CPU
		{BF073507-7C87-49E1-860E-F915958C96B3}.Debug|x86.ActiveCfg = Debug|x86
		{BF073507-7C87-49E1-860E-F915958C96B3}.Debug|x86.Build.0 = Debug|x86
		{BF073507-7C87-49E1-860E-F915958C96B3}.Release|Any CPU.ActiveCfg = Release|Any CPU
		{BF073507-7C87-49E1-860E-F915958C96B3}.Release|Any CPU.Build.0 = Release|Any CPU
		{BF073507-7C87-49E1-860E-F915958C96B3}.Release|x86.ActiveCfg = Release|x86
		{BF073507-7C87-49E1-860E-F915958C96B3}.Release|x86.Build.0 = Release|x86
		{BF073507-7C87-49E1-860E-F915958C96B3}.xdebug|Any CPU.ActiveCfg = xdebug|Any CPU
		{BF073507-7C87-49E1-860E-F915958C96B3}.xdebug|Any CPU.Build.0 = xdebug|Any CPU
		{BF073507-7C87-49E1-860E-F915958C96B3}.xdebug|x86.ActiveCfg = xdebug|x86
		{BF073507-7C87-49E1-860E-F915958C96B3}.xdebug|x86.Build.0 = xdebug|x86
		{0A21A0EB-794C-4997-8574-62AD484C64D2}.Debug|Any CPU.ActiveCfg = Debug|Any CPU
		{0A21A0EB-794C-4997-8574-62AD484C64D2}.Debug|Any CPU.Build.0 = Debug|Any CPU
		{0A21A0EB-794C-4997-8574-62AD484C64D2}.Debug|x86.ActiveCfg = Debug|Any CPU
		{0A21A0EB-794C-4997-8574-62AD484C64D2}.Debug|x86.Build.0 = Debug|Any CPU
		{0A21A0EB-794C-4997-8574-62AD484C64D2}.Release|Any CPU.ActiveCfg = Release|Any CPU
		{0A21A0EB-794C-4997-8574-62AD484C64D2}.Release|Any CPU.Build.0 = Release|Any CPU
		{0A21A0EB-794C-4997-8574-62AD484C64D2}.Release|x86.ActiveCfg = Release|Any CPU
		{0A21A0EB-794C-4997-8574-62AD484C64D2}.Release|x86.Build.0 = Release|Any CPU
		{0A21A0EB-794C-4997-8574-62AD484C64D2}.xdebug|Any CPU.ActiveCfg = Release|Any CPU
		{0A21A0EB-794C-4997-8574-62AD484C64D2}.xdebug|Any CPU.Build.0 = Release|Any CPU
		{0A21A0EB-794C-4997-8574-62AD484C64D2}.xdebug|x86.ActiveCfg = Release|Any CPU
		{0A21A0EB-794C-4997-8574-62AD484C64D2}.xdebug|x86.Build.0 = Release|Any CPU
		{DE80F289-654E-481E-AF38-13304538BA2C}.Debug|Any CPU.ActiveCfg = Debug|Any CPU
		{DE80F289-654E-481E-AF38-13304538BA2C}.Debug|Any CPU.Build.0 = Debug|Any CPU
		{DE80F289-654E-481E-AF38-13304538BA2C}.Debug|x86.ActiveCfg = Debug|Any CPU
		{DE80F289-654E-481E-AF38-13304538BA2C}.Debug|x86.Build.0 = Debug|Any CPU
		{DE80F289-654E-481E-AF38-13304538BA2C}.Release|Any CPU.ActiveCfg = Release|Any CPU
		{DE80F289-654E-481E-AF38-13304538BA2C}.Release|Any CPU.Build.0 = Release|Any CPU
		{DE80F289-654E-481E-AF38-13304538BA2C}.Release|x86.ActiveCfg = Release|Any CPU
		{DE80F289-654E-481E-AF38-13304538BA2C}.Release|x86.Build.0 = Release|Any CPU
		{DE80F289-654E-481E-AF38-13304538BA2C}.xdebug|Any CPU.ActiveCfg = Debug|Any CPU
		{DE80F289-654E-481E-AF38-13304538BA2C}.xdebug|Any CPU.Build.0 = Debug|Any CPU
		{DE80F289-654E-481E-AF38-13304538BA2C}.xdebug|x86.ActiveCfg = Debug|Any CPU
		{DE80F289-654E-481E-AF38-13304538BA2C}.xdebug|x86.Build.0 = Debug|Any CPU
		{2751E02B-EF92-40DE-8706-F4D38B78E368}.Debug|Any CPU.ActiveCfg = Debug|Any CPU
		{2751E02B-EF92-40DE-8706-F4D38B78E368}.Debug|Any CPU.Build.0 = Debug|Any CPU
		{2751E02B-EF92-40DE-8706-F4D38B78E368}.Debug|x86.ActiveCfg = Debug|Any CPU
		{2751E02B-EF92-40DE-8706-F4D38B78E368}.Debug|x86.Build.0 = Debug|Any CPU
		{2751E02B-EF92-40DE-8706-F4D38B78E368}.Release|Any CPU.ActiveCfg = Release|Any CPU
		{2751E02B-EF92-40DE-8706-F4D38B78E368}.Release|Any CPU.Build.0 = Release|Any CPU
		{2751E02B-EF92-40DE-8706-F4D38B78E368}.Release|x86.ActiveCfg = Release|Any CPU
		{2751E02B-EF92-40DE-8706-F4D38B78E368}.Release|x86.Build.0 = Release|Any CPU
		{2751E02B-EF92-40DE-8706-F4D38B78E368}.xdebug|Any CPU.ActiveCfg = Debug|Any CPU
		{2751E02B-EF92-40DE-8706-F4D38B78E368}.xdebug|Any CPU.Build.0 = Debug|Any CPU
		{2751E02B-EF92-40DE-8706-F4D38B78E368}.xdebug|x86.ActiveCfg = Debug|Any CPU
		{2751E02B-EF92-40DE-8706-F4D38B78E368}.xdebug|x86.Build.0 = Debug|Any CPU
		{EF58157F-5543-4F5F-8AD2-F86A2083D488}.Debug|Any CPU.ActiveCfg = Debug|Any CPU
		{EF58157F-5543-4F5F-8AD2-F86A2083D488}.Debug|Any CPU.Build.0 = Debug|Any CPU
		{EF58157F-5543-4F5F-8AD2-F86A2083D488}.Debug|x86.ActiveCfg = Debug|Any CPU
		{EF58157F-5543-4F5F-8AD2-F86A2083D488}.Debug|x86.Build.0 = Debug|Any CPU
		{EF58157F-5543-4F5F-8AD2-F86A2083D488}.Release|Any CPU.ActiveCfg = Release|Any CPU
		{EF58157F-5543-4F5F-8AD2-F86A2083D488}.Release|Any CPU.Build.0 = Release|Any CPU
		{EF58157F-5543-4F5F-8AD2-F86A2083D488}.Release|x86.ActiveCfg = Release|Any CPU
		{EF58157F-5543-4F5F-8AD2-F86A2083D488}.Release|x86.Build.0 = Release|Any CPU
		{EF58157F-5543-4F5F-8AD2-F86A2083D488}.xdebug|Any CPU.ActiveCfg = Debug|Any CPU
		{EF58157F-5543-4F5F-8AD2-F86A2083D488}.xdebug|Any CPU.Build.0 = Debug|Any CPU
		{EF58157F-5543-4F5F-8AD2-F86A2083D488}.xdebug|x86.ActiveCfg = Debug|Any CPU
		{EF58157F-5543-4F5F-8AD2-F86A2083D488}.xdebug|x86.Build.0 = Debug|Any CPU
		{D943ED99-32A0-4F75-B736-A96D3DCABBB6}.Debug|Any CPU.ActiveCfg = Debug|Any CPU
		{D943ED99-32A0-4F75-B736-A96D3DCABBB6}.Debug|Any CPU.Build.0 = Debug|Any CPU
		{D943ED99-32A0-4F75-B736-A96D3DCABBB6}.Debug|x86.ActiveCfg = Debug|Any CPU
		{D943ED99-32A0-4F75-B736-A96D3DCABBB6}.Debug|x86.Build.0 = Debug|Any CPU
		{D943ED99-32A0-4F75-B736-A96D3DCABBB6}.Release|Any CPU.ActiveCfg = Release|Any CPU
		{D943ED99-32A0-4F75-B736-A96D3DCABBB6}.Release|Any CPU.Build.0 = Release|Any CPU
		{D943ED99-32A0-4F75-B736-A96D3DCABBB6}.Release|x86.ActiveCfg = Release|Any CPU
		{D943ED99-32A0-4F75-B736-A96D3DCABBB6}.Release|x86.Build.0 = Release|Any CPU
		{D943ED99-32A0-4F75-B736-A96D3DCABBB6}.xdebug|Any CPU.ActiveCfg = Debug|Any CPU
		{D943ED99-32A0-4F75-B736-A96D3DCABBB6}.xdebug|Any CPU.Build.0 = Debug|Any CPU
		{D943ED99-32A0-4F75-B736-A96D3DCABBB6}.xdebug|x86.ActiveCfg = Debug|Any CPU
		{D943ED99-32A0-4F75-B736-A96D3DCABBB6}.xdebug|x86.Build.0 = Debug|Any CPU
		{00ECCB83-0A5F-4F1B-8475-83A255F81EF2}.Debug|Any CPU.ActiveCfg = Debug|Any CPU
		{00ECCB83-0A5F-4F1B-8475-83A255F81EF2}.Debug|Any CPU.Build.0 = Debug|Any CPU
		{00ECCB83-0A5F-4F1B-8475-83A255F81EF2}.Debug|x86.ActiveCfg = Debug|Any CPU
		{00ECCB83-0A5F-4F1B-8475-83A255F81EF2}.Debug|x86.Build.0 = Debug|Any CPU
		{00ECCB83-0A5F-4F1B-8475-83A255F81EF2}.Release|Any CPU.ActiveCfg = Release|Any CPU
		{00ECCB83-0A5F-4F1B-8475-83A255F81EF2}.Release|Any CPU.Build.0 = Release|Any CPU
		{00ECCB83-0A5F-4F1B-8475-83A255F81EF2}.Release|x86.ActiveCfg = Release|Any CPU
		{00ECCB83-0A5F-4F1B-8475-83A255F81EF2}.Release|x86.Build.0 = Release|Any CPU
		{00ECCB83-0A5F-4F1B-8475-83A255F81EF2}.xdebug|Any CPU.ActiveCfg = Debug|Any CPU
		{00ECCB83-0A5F-4F1B-8475-83A255F81EF2}.xdebug|Any CPU.Build.0 = Debug|Any CPU
		{00ECCB83-0A5F-4F1B-8475-83A255F81EF2}.xdebug|x86.ActiveCfg = Debug|Any CPU
		{00ECCB83-0A5F-4F1B-8475-83A255F81EF2}.xdebug|x86.Build.0 = Debug|Any CPU
	EndGlobalSection
	GlobalSection(SolutionProperties) = preSolution
		HideSolutionNode = FALSE
	EndGlobalSection
	GlobalSection(ExtensibilityGlobals) = postSolution
		SolutionGuid = {FDCFFF29-F748-4E84-88C5-834C881C1282}
	EndGlobalSection
EndGlobal
