
Microsoft Visual Studio Solution File, Format Version 12.00
# Visual Studio 15
VisualStudioVersion = 15.0.26730.8
MinimumVisualStudioVersion = 10.0.40219.1
Project("{9A19103F-16F7-4668-BE54-9A1E7A4F7556}") = "Fastnet.Webframe.Web2", "Fastnet.Webframe.Web2\Fastnet.Webframe.Web2.csproj", "{DE80F289-654E-481E-AF38-13304538BA2C}"
EndProject
Project("{9A19103F-16F7-4668-BE54-9A1E7A4F7556}") = "Fastnet.Webframe.IdentityData2", "Fastnet.Webframe.IdentityData2\Fastnet.Webframe.IdentityData2.csproj", "{2751E02B-EF92-40DE-8706-F4D38B78E368}"
EndProject
Project("{9A19103F-16F7-4668-BE54-9A1E7A4F7556}") = "Fastnet.Webframe.CoreData2", "Fastnet.Webframe.CoreData2\Fastnet.Webframe.CoreData2.csproj", "{EF58157F-5543-4F5F-8AD2-F86A2083D488}"
EndProject
Project("{9A19103F-16F7-4668-BE54-9A1E7A4F7556}") = "Fastnet.Webframe.BookingData2", "Fastnet.webframe.BookingData2\Fastnet.Webframe.BookingData2.csproj", "{00ECCB83-0A5F-4F1B-8475-83A255F81EF2}"
EndProject
Project("{9A19103F-16F7-4668-BE54-9A1E7A4F7556}") = "Fastnet.Webframe.Common2", "Fastnet.Webframe.Common2\Fastnet.Webframe.Common2.csproj", "{B869DF69-E7E5-4C2A-86A1-E25BFF10E8E8}"
EndProject
Global
	GlobalSection(SolutionConfigurationPlatforms) = preSolution
		Debug|Any CPU = Debug|Any CPU
		Debug|x86 = Debug|x86
		Release|Any CPU = Release|Any CPU
		Release|x86 = Release|x86
		xdebug|Any CPU = xdebug|Any CPU
		xdebug|x86 = xdebug|x86
	EndGlobalSection
	GlobalSection(ProjectConfigurationPlatforms) = postSolution
		{DE80F289-654E-481E-AF38-13304538BA2C}.Debug|Any CPU.ActiveCfg = Debug|Any CPU
		{DE80F289-654E-481E-AF38-13304538BA2C}.Debug|Any CPU.Build.0 = Debug|Any CPU
		{DE80F289-654E-481E-AF38-13304538BA2C}.Debug|x86.ActiveCfg = Debug|Any CPU
		{DE80F289-654E-481E-AF38-13304538BA2C}.Debug|x86.Build.0 = Debug|Any CPU
		{DE80F289-654E-481E-AF38-13304538BA2C}.Release|Any CPU.ActiveCfg = Release|Any CPU
		{DE80F289-654E-481E-AF38-13304538BA2C}.Release|Any CPU.Build.0 = Release|Any CPU
		{DE80F289-654E-481E-AF38-13304538BA2C}.Release|x86.ActiveCfg = Release|Any CPU
		{DE80F289-654E-481E-AF38-13304538BA2C}.Release|x86.Build.0 = Release|Any CPU
		{DE80F289-654E-481E-AF38-13304538BA2C}.xdebug|Any CPU.ActiveCfg = Debug|Any CPU
		{DE80F289-654E-481E-AF38-13304538BA2C}.xdebug|Any CPU.Build.0 = Debug|Any CPU
		{DE80F289-654E-481E-AF38-13304538BA2C}.xdebug|x86.ActiveCfg = Debug|Any CPU
		{DE80F289-654E-481E-AF38-13304538BA2C}.xdebug|x86.Build.0 = Debug|Any CPU
		{2751E02B-EF92-40DE-8706-F4D38B78E368}.Debug|Any CPU.ActiveCfg = Debug|Any CPU
		{2751E02B-EF92-40DE-8706-F4D38B78E368}.Debug|Any CPU.Build.0 = Debug|Any CPU
		{2751E02B-EF92-40DE-8706-F4D38B78E368}.Debug|x86.ActiveCfg = Debug|Any CPU
		{2751E02B-EF92-40DE-8706-F4D38B78E368}.Debug|x86.Build.0 = Debug|Any CPU
		{2751E02B-EF92-40DE-8706-F4D38B78E368}.Release|Any CPU.ActiveCfg = Release|Any CPU
		{2751E02B-EF92-40DE-8706-F4D38B78E368}.Release|Any CPU.Build.0 = Release|Any CPU
		{2751E02B-EF92-40DE-8706-F4D38B78E368}.Release|x86.ActiveCfg = Release|Any CPU
		{2751E02B-EF92-40DE-8706-F4D38B78E368}.Release|x86.Build.0 = Release|Any CPU
		{2751E02B-EF92-40DE-8706-F4D38B78E368}.xdebug|Any CPU.ActiveCfg = Debug|Any CPU
		{2751E02B-EF92-40DE-8706-F4D38B78E368}.xdebug|Any CPU.Build.0 = Debug|Any CPU
		{2751E02B-EF92-40DE-8706-F4D38B78E368}.xdebug|x86.ActiveCfg = Debug|Any CPU
		{2751E02B-EF92-40DE-8706-F4D38B78E368}.xdebug|x86.Build.0 = Debug|Any CPU
		{EF58157F-5543-4F5F-8AD2-F86A2083D488}.Debug|Any CPU.ActiveCfg = Debug|Any CPU
		{EF58157F-5543-4F5F-8AD2-F86A2083D488}.Debug|Any CPU.Build.0 = Debug|Any CPU
		{EF58157F-5543-4F5F-8AD2-F86A2083D488}.Debug|x86.ActiveCfg = Debug|Any CPU
		{EF58157F-5543-4F5F-8AD2-F86A2083D488}.Debug|x86.Build.0 = Debug|Any CPU
		{EF58157F-5543-4F5F-8AD2-F86A2083D488}.Release|Any CPU.ActiveCfg = Release|Any CPU
		{EF58157F-5543-4F5F-8AD2-F86A2083D488}.Release|Any CPU.Build.0 = Release|Any CPU
		{EF58157F-5543-4F5F-8AD2-F86A2083D488}.Release|x86.ActiveCfg = Release|Any CPU
		{EF58157F-5543-4F5F-8AD2-F86A2083D488}.Release|x86.Build.0 = Release|Any CPU
		{EF58157F-5543-4F5F-8AD2-F86A2083D488}.xdebug|Any CPU.ActiveCfg = Debug|Any CPU
		{EF58157F-5543-4F5F-8AD2-F86A2083D488}.xdebug|Any CPU.Build.0 = Debug|Any CPU
		{EF58157F-5543-4F5F-8AD2-F86A2083D488}.xdebug|x86.ActiveCfg = Debug|Any CPU
		{EF58157F-5543-4F5F-8AD2-F86A2083D488}.xdebug|x86.Build.0 = Debug|Any CPU
		{00ECCB83-0A5F-4F1B-8475-83A255F81EF2}.Debug|Any CPU.ActiveCfg = Debug|Any CPU
		{00ECCB83-0A5F-4F1B-8475-83A255F81EF2}.Debug|Any CPU.Build.0 = Debug|Any CPU
		{00ECCB83-0A5F-4F1B-8475-83A255F81EF2}.Debug|x86.ActiveCfg = Debug|Any CPU
		{00ECCB83-0A5F-4F1B-8475-83A255F81EF2}.Debug|x86.Build.0 = Debug|Any CPU
		{00ECCB83-0A5F-4F1B-8475-83A255F81EF2}.Release|Any CPU.ActiveCfg = Release|Any CPU
		{00ECCB83-0A5F-4F1B-8475-83A255F81EF2}.Release|Any CPU.Build.0 = Release|Any CPU
		{00ECCB83-0A5F-4F1B-8475-83A255F81EF2}.Release|x86.ActiveCfg = Release|Any CPU
		{00ECCB83-0A5F-4F1B-8475-83A255F81EF2}.Release|x86.Build.0 = Release|Any CPU
		{00ECCB83-0A5F-4F1B-8475-83A255F81EF2}.xdebug|Any CPU.ActiveCfg = Debug|Any CPU
		{00ECCB83-0A5F-4F1B-8475-83A255F81EF2}.xdebug|Any CPU.Build.0 = Debug|Any CPU
		{00ECCB83-0A5F-4F1B-8475-83A255F81EF2}.xdebug|x86.ActiveCfg = Debug|Any CPU
		{00ECCB83-0A5F-4F1B-8475-83A255F81EF2}.xdebug|x86.Build.0 = Debug|Any CPU
		{B869DF69-E7E5-4C2A-86A1-E25BFF10E8E8}.Debug|Any CPU.ActiveCfg = Debug|Any CPU
		{B869DF69-E7E5-4C2A-86A1-E25BFF10E8E8}.Debug|Any CPU.Build.0 = Debug|Any CPU
		{B869DF69-E7E5-4C2A-86A1-E25BFF10E8E8}.Debug|x86.ActiveCfg = Debug|Any CPU
		{B869DF69-E7E5-4C2A-86A1-E25BFF10E8E8}.Debug|x86.Build.0 = Debug|Any CPU
		{B869DF69-E7E5-4C2A-86A1-E25BFF10E8E8}.Release|Any CPU.ActiveCfg = Release|Any CPU
		{B869DF69-E7E5-4C2A-86A1-E25BFF10E8E8}.Release|Any CPU.Build.0 = Release|Any CPU
		{B869DF69-E7E5-4C2A-86A1-E25BFF10E8E8}.Release|x86.ActiveCfg = Release|Any CPU
		{B869DF69-E7E5-4C2A-86A1-E25BFF10E8E8}.Release|x86.Build.0 = Release|Any CPU
		{B869DF69-E7E5-4C2A-86A1-E25BFF10E8E8}.xdebug|Any CPU.ActiveCfg = Debug|Any CPU
		{B869DF69-E7E5-4C2A-86A1-E25BFF10E8E8}.xdebug|Any CPU.Build.0 = Debug|Any CPU
		{B869DF69-E7E5-4C2A-86A1-E25BFF10E8E8}.xdebug|x86.ActiveCfg = Debug|Any CPU
		{B869DF69-E7E5-4C2A-86A1-E25BFF10E8E8}.xdebug|x86.Build.0 = Debug|Any CPU
	EndGlobalSection
	GlobalSection(SolutionProperties) = preSolution
		HideSolutionNode = FALSE
	EndGlobalSection
	GlobalSection(ExtensibilityGlobals) = postSolution
		SolutionGuid = {FDCFFF29-F748-4E84-88C5-834C881C1282}
	EndGlobalSection
EndGlobal
